
Microsoft Visual Studio Solution File, Format Version 12.00
# Visual Studio 14
VisualStudioVersion = 14.0.24720.0
MinimumVisualStudioVersion = 10.0.40219.1
Project("{FAE04EC0-301F-11D3-BF4B-00C04F79EFBC}") = "MemoryFilter", "MemoryFilter\MemoryFilter.csproj", "{64FBE983-72E9-4077-A738-D5D64DD7B2A1}"
EndProject
Project("{2150E333-8FDC-42A3-9474-1A3956D46DE8}") = "Tests", "Tests", "{42F56ABF-799E-461F-8BC4-D82C354043FA}"
EndProject
Project("{FAE04EC0-301F-11D3-BF4B-00C04F79EFBC}") = "MemoryFilter.Tests", "Tests\MemoryFilter.Tests\MemoryFilter.Tests.csproj", "{31AD55FB-B53A-4F55-9FCC-3FD435E296B3}"
EndProject
Global
	GlobalSection(SolutionConfigurationPlatforms) = preSolution
		Debug|Any CPU = Debug|Any CPU
		Release|Any CPU = Release|Any CPU
	EndGlobalSection
	GlobalSection(ProjectConfigurationPlatforms) = postSolution
		{64FBE983-72E9-4077-A738-D5D64DD7B2A1}.Debug|Any CPU.ActiveCfg = Debug|Any CPU
		{64FBE983-72E9-4077-A738-D5D64DD7B2A1}.Debug|Any CPU.Build.0 = Debug|Any CPU
		{64FBE983-72E9-4077-A738-D5D64DD7B2A1}.Release|Any CPU.ActiveCfg = Release|Any CPU
		{64FBE983-72E9-4077-A738-D5D64DD7B2A1}.Release|Any CPU.Build.0 = Release|Any CPU
		{31AD55FB-B53A-4F55-9FCC-3FD435E296B3}.Debug|Any CPU.ActiveCfg = Debug|Any CPU
		{31AD55FB-B53A-4F55-9FCC-3FD435E296B3}.Debug|Any CPU.Build.0 = Debug|Any CPU
		{31AD55FB-B53A-4F55-9FCC-3FD435E296B3}.Release|Any CPU.ActiveCfg = Release|Any CPU
		{31AD55FB-B53A-4F55-9FCC-3FD435E296B3}.Release|Any CPU.Build.0 = Release|Any CPU
	EndGlobalSection
	GlobalSection(SolutionProperties) = preSolution
		HideSolutionNode = FALSE
	EndGlobalSection
	GlobalSection(NestedProjects) = preSolution
		{31AD55FB-B53A-4F55-9FCC-3FD435E296B3} = {42F56ABF-799E-461F-8BC4-D82C354043FA}
	EndGlobalSection
EndGlobal
